
Microsoft Visual Studio Solution File, Format Version 12.00
# Visual Studio Version 17
VisualStudioVersion = 17.0.31912.275
MinimumVisualStudioVersion = 10.0.40219.1
Project("{FAE04EC0-301F-11D3-BF4B-00C04F79EFBC}") = "12_Task", "12_Task\12_Task.csproj", "{E4058458-1126-42C0-8600-93E2D920905E}"
EndProject
Global
	GlobalSection(SolutionConfigurationPlatforms) = preSolution
		Debug|Any CPU = Debug|Any CPU
		Release|Any CPU = Release|Any CPU
	EndGlobalSection
	GlobalSection(ProjectConfigurationPlatforms) = postSolution
		{E4058458-1126-42C0-8600-93E2D920905E}.Debug|Any CPU.ActiveCfg = Debug|Any CPU
		{E4058458-1126-42C0-8600-93E2D920905E}.Debug|Any CPU.Build.0 = Debug|Any CPU
		{E4058458-1126-42C0-8600-93E2D920905E}.Release|Any CPU.ActiveCfg = Release|Any CPU
		{E4058458-1126-42C0-8600-93E2D920905E}.Release|Any CPU.Build.0 = Release|Any CPU
	EndGlobalSection
	GlobalSection(SolutionProperties) = preSolution
		HideSolutionNode = FALSE
	EndGlobalSection
	GlobalSection(ExtensibilityGlobals) = postSolution
		SolutionGuid = {EC25377C-F471-4329-9CEF-CE5189C57372}
	EndGlobalSection
EndGlobal
